Microsoft Visual Studio Solution File, Format Version 12.00
# Visual Studio 2012
Project("{FAE04EC0-301F-11D3-BF4B-00C04F79EFBC}") = "MarchingTrianglesTerrain", "Plugin\MarchingTrianglesTerrain.csproj", "{3391EE34-C0D2-4F5A-A010-0EF10FD9B94A}"
EndProject
Project("{FAE04EC0-301F-11D3-BF4B-00C04F79EFBC}") = "UnitTests", "UnitTests\UnitTests.csproj", "{0C3D413C-27E8-4800-AA83-054F89F088E2}"
EndProject
Global
	GlobalSection(SolutionConfigurationPlatforms) = preSolution
	Debug|Any CPU = Debug|Any CPU
	ExportDebug|Any CPU = ExportDebug|Any CPU
	ExportRelease|Any CPU = ExportRelease|Any CPU
	EndGlobalSection
	GlobalSection(ProjectConfigurationPlatforms) = postSolution
		{3391EE34-C0D2-4F5A-A010-0EF10FD9B94A}.Debug|Any CPU.ActiveCfg = Debug|Any CPU
		{3391EE34-C0D2-4F5A-A010-0EF10FD9B94A}.Debug|Any CPU.Build.0 = Debug|Any CPU
		{3391EE34-C0D2-4F5A-A010-0EF10FD9B94A}.ExportDebug|Any CPU.ActiveCfg = ExportDebug|Any CPU
		{3391EE34-C0D2-4F5A-A010-0EF10FD9B94A}.ExportDebug|Any CPU.Build.0 = ExportDebug|Any CPU
		{3391EE34-C0D2-4F5A-A010-0EF10FD9B94A}.ExportRelease|Any CPU.ActiveCfg = ExportRelease|Any CPU
		{3391EE34-C0D2-4F5A-A010-0EF10FD9B94A}.ExportRelease|Any CPU.Build.0 = ExportRelease|Any CPU
		{0C3D413C-27E8-4800-AA83-054F89F088E2}.Debug|Any CPU.ActiveCfg = Debug|Any CPU
		{0C3D413C-27E8-4800-AA83-054F89F088E2}.Debug|Any CPU.Build.0 = Debug|Any CPU
		{0C3D413C-27E8-4800-AA83-054F89F088E2}.ExportDebug|Any CPU.ActiveCfg = Debug|Any CPU
		{0C3D413C-27E8-4800-AA83-054F89F088E2}.ExportDebug|Any CPU.Build.0 = Debug|Any CPU
		{0C3D413C-27E8-4800-AA83-054F89F088E2}.ExportRelease|Any CPU.ActiveCfg = Debug|Any CPU
		{0C3D413C-27E8-4800-AA83-054F89F088E2}.ExportRelease|Any CPU.Build.0 = Debug|Any CPU
	EndGlobalSection
EndGlobal
